// !$*UTF8*$!
{
	archiveVersion = 1;
	classes = {
	};
	objectVersion = 55;
	objects = {

/* Begin PBXBuildFile section */
		1CCF85DC284515DD005F01A6 /* SkateMapApp.swift in Sources */ = {isa = PBXBuildFile; fileRef = 1CCF85DB284515DD005F01A6 /* SkateMapApp.swift */; };
		1CCF85DE284515DD005F01A6 /* ContentView.swift in Sources */ = {isa = PBXBuildFile; fileRef = 1CCF85DD284515DD005F01A6 /* ContentView.swift */; };
		1CCF85E0284515DD005F01A6 /* Assets.xcassets in Resources */ = {isa = PBXBuildFile; fileRef = 1CCF85DF284515DD005F01A6 /* Assets.xcassets */; };
		1CCF85E3284515DD005F01A6 /* Preview Assets.xcassets in Resources */ = {isa = PBXBuildFile; fileRef = 1CCF85E2284515DD005F01A6 /* Preview Assets.xcassets */; };
		1CCF85ED284515DE005F01A6 /* SkateMapTests.swift in Sources */ = {isa = PBXBuildFile; fileRef = 1CCF85EC284515DE005F01A6 /* SkateMapTests.swift */; };
		1CCF85F7284515DE005F01A6 /* SkateMapUITests.swift in Sources */ = {isa = PBXBuildFile; fileRef = 1CCF85F6284515DE005F01A6 /* SkateMapUITests.swift */; };
		1CCF85F9284515DE005F01A6 /* SkateMapUITestsLaunchTests.swift in Sources */ = {isa = PBXBuildFile; fileRef = 1CCF85F8284515DE005F01A6 /* SkateMapUITestsLaunchTests.swift */; };
		1CCF860728451659005F01A6 /* locations.json in Resources */ = {isa = PBXBuildFile; fileRef = 1CCF860528451659005F01A6 /* locations.json */; };
		1CCF860828451659005F01A6 /* tips.json in Resources */ = {isa = PBXBuildFile; fileRef = 1CCF860628451659005F01A6 /* tips.json */; };
		1CCF860C284519C2005F01A6 /* Location.swift in Sources */ = {isa = PBXBuildFile; fileRef = 1CCF860B284519C2005F01A6 /* Location.swift */; };
		1CCF860E28451CD7005F01A6 /* Locations.swift in Sources */ = {isa = PBXBuildFile; fileRef = 1CCF860D28451CD7005F01A6 /* Locations.swift */; };
		1CCF8610284520AE005F01A6 /* WorldView.swift in Sources */ = {isa = PBXBuildFile; fileRef = 1CCF860F284520AE005F01A6 /* WorldView.swift */; };
		1CCF861228452E41005F01A6 /* Tip.swift in Sources */ = {isa = PBXBuildFile; fileRef = 1CCF861128452E41005F01A6 /* Tip.swift */; };
		1CCF861428452F07005F01A6 /* TipsView.swift in Sources */ = {isa = PBXBuildFile; fileRef = 1CCF861328452F07005F01A6 /* TipsView.swift */; };
/* End PBXBuildFile section */

/* Begin PBXContainerItemProxy section */
		1CCF85E9284515DE005F01A6 /* PBXContainerItemProxy */ = {
			isa = PBXContainerItemProxy;
			containerPortal = 1CCF85D0284515DD005F01A6 /* Project object */;
			proxyType = 1;
			remoteGlobalIDString = 1CCF85D7284515DD005F01A6;
			remoteInfo = SkateMap;
		};
		1CCF85F3284515DE005F01A6 /* PBXContainerItemProxy */ = {
			isa = PBXContainerItemProxy;
			containerPortal = 1CCF85D0284515DD005F01A6 /* Project object */;
			proxyType = 1;
			remoteGlobalIDString = 1CCF85D7284515DD005F01A6;
			remoteInfo = SkateMap;
		};
/* End PBXContainerItemProxy section */

/* Begin PBXFileReference section */
		1CCF85D8284515DD005F01A6 /* SkateMap.app */ = {isa = PBXFileReference; explicitFileType = wrapper.application; includeInIndex = 0; path = SkateMap.app; sourceTree = BUILT_PRODUCTS_DIR; };
		1CCF85DB284515DD005F01A6 /* SkateMapApp.swift */ = {isa = PBXFileReference; lastKnownFileType = sourcecode.swift; path = SkateMapApp.swift; sourceTree = "<group>"; };
		1CCF85DD284515DD005F01A6 /* ContentView.swift */ = {isa = PBXFileReference; lastKnownFileType = sourcecode.swift; path = ContentView.swift; sourceTree = "<group>"; };
		1CCF85DF284515DD005F01A6 /* Assets.xcassets */ = {isa = PBXFileReference; lastKnownFileType = folder.assetcatalog; path = Assets.xcassets; sourceTree = "<group>"; };
		1CCF85E2284515DD005F01A6 /* Preview Assets.xcassets */ = {isa = PBXFileReference; lastKnownFileType = folder.assetcatalog; path = "Preview Assets.xcassets"; sourceTree = "<group>"; };
		1CCF85E8284515DE005F01A6 /* SkateMapTests.xctest */ = {isa = PBXFileReference; explicitFileType = wrapper.cfbundle; includeInIndex = 0; path = SkateMapTests.xctest; sourceTree = BUILT_PRODUCTS_DIR; };
		1CCF85EC284515DE005F01A6 /* SkateMapTests.swift */ = {isa = PBXFileReference; lastKnownFileType = sourcecode.swift; path = SkateMapTests.swift; sourceTree = "<group>"; };
		1CCF85F2284515DE005F01A6 /* SkateMapUITests.xctest */ = {isa = PBXFileReference; explicitFileType = wrapper.cfbundle; includeInIndex = 0; path = SkateMapUITests.xctest; sourceTree = BUILT_PRODUCTS_DIR; };
		1CCF85F6284515DE005F01A6 /* SkateMapUITests.swift */ = {isa = PBXFileReference; lastKnownFileType = sourcecode.swift; path = SkateMapUITests.swift; sourceTree = "<group>"; };
		1CCF85F8284515DE005F01A6 /* SkateMapUITestsLaunchTests.swift */ = {isa = PBXFileReference; lastKnownFileType = sourcecode.swift; path = SkateMapUITestsLaunchTests.swift; sourceTree = "<group>"; };
		1CCF860528451659005F01A6 /* locations.json */ = {isa = PBXFileReference; fileEncoding = 4; lastKnownFileType = text.json; path = locations.json; sourceTree = "<group>"; };
		1CCF860628451659005F01A6 /* tips.json */ = {isa = PBXFileReference; fileEncoding = 4; lastKnownFileType = text.json; path = tips.json; sourceTree = "<group>"; };
		1CCF860B284519C2005F01A6 /* Location.swift */ = {isa = PBXFileReference; lastKnownFileType = sourcecode.swift; path = Location.swift; sourceTree = "<group>"; };
		1CCF860D28451CD7005F01A6 /* Locations.swift */ = {isa = PBXFileReference; lastKnownFileType = sourcecode.swift; path = Locations.swift; sourceTree = "<group>"; };
		1CCF860F284520AE005F01A6 /* WorldView.swift */ = {isa = PBXFileReference; lastKnownFileType = sourcecode.swift; path = WorldView.swift; sourceTree = "<group>"; };
		1CCF861128452E41005F01A6 /* Tip.swift */ = {isa = PBXFileReference; lastKnownFileType = sourcecode.swift; path = Tip.swift; sourceTree = "<group>"; };
		1CCF861328452F07005F01A6 /* TipsView.swift */ = {isa = PBXFileReference; lastKnownFileType = sourcecode.swift; path = TipsView.swift; sourceTree = "<group>"; };
/* End PBXFileReference section */

/* Begin PBXFrameworksBuildPhase section */
		1CCF85D5284515DD005F01A6 /* Frameworks */ = {
			isa = PBXFrameworksBuildPhase;
			buildActionMask = 2147483647;
			files = (
			);
			runOnlyForDeploymentPostprocessing = 0;
		};
		1CCF85E5284515DE005F01A6 /* Frameworks */ = {
			isa = PBXFrameworksBuildPhase;
			buildActionMask = 2147483647;
			files = (
			);
			runOnlyForDeploymentPostprocessing = 0;
		};
		1CCF85EF284515DE005F01A6 /* Frameworks */ = {
			isa = PBXFrameworksBuildPhase;
			buildActionMask = 2147483647;
			files = (
			);
			runOnlyForDeploymentPostprocessing = 0;
		};
/* End PBXFrameworksBuildPhase section */

/* Begin PBXGroup section */
		1CCF85CF284515DD005F01A6 = {
			isa = PBXGroup;
			children = (
				1CCF85DA284515DD005F01A6 /* SkateMap */,
				1CCF85EB284515DE005F01A6 /* SkateMapTests */,
				1CCF85F5284515DE005F01A6 /* SkateMapUITests */,
				1CCF85D9284515DD005F01A6 /* Products */,
			);
			sourceTree = "<group>";
		};
		1CCF85D9284515DD005F01A6 /* Products */ = {
			isa = PBXGroup;
			children = (
				1CCF85D8284515DD005F01A6 /* SkateMap.app */,
				1CCF85E8284515DE005F01A6 /* SkateMapTests.xctest */,
				1CCF85F2284515DE005F01A6 /* SkateMapUITests.xctest */,
			);
			name = Products;
			sourceTree = "<group>";
		};
		1CCF85DA284515DD005F01A6 /* SkateMap */ = {
			isa = PBXGroup;
			children = (
				1CCF85DB284515DD005F01A6 /* SkateMapApp.swift */,
				1CCF861128452E41005F01A6 /* Tip.swift */,
				1CCF861328452F07005F01A6 /* TipsView.swift */,
				1CCF85DD284515DD005F01A6 /* ContentView.swift */,
				1CCF860D28451CD7005F01A6 /* Locations.swift */,
				1CCF860B284519C2005F01A6 /* Location.swift */,
				1CCF860F284520AE005F01A6 /* WorldView.swift */,
				1CCF85DF284515DD005F01A6 /* Assets.xcassets */,
				1CCF860528451659005F01A6 /* locations.json */,
				1CCF860628451659005F01A6 /* tips.json */,
				1CCF85E1284515DD005F01A6 /* Preview Content */,
			);
			path = SkateMap;
			sourceTree = "<group>";
		};
		1CCF85E1284515DD005F01A6 /* Preview Content */ = {
			isa = PBXGroup;
			children = (
				1CCF85E2284515DD005F01A6 /* Preview Assets.xcassets */,
			);
			path = "Preview Content";
			sourceTree = "<group>";
		};
		1CCF85EB284515DE005F01A6 /* SkateMapTests */ = {
			isa = PBXGroup;
			children = (
				1CCF85EC284515DE005F01A6 /* SkateMapTests.swift */,
			);
			path = SkateMapTests;
			sourceTree = "<group>";
		};
		1CCF85F5284515DE005F01A6 /* SkateMapUITests */ = {
			isa = PBXGroup;
			children = (
				1CCF85F6284515DE005F01A6 /* SkateMapUITests.swift */,
				1CCF85F8284515DE005F01A6 /* SkateMapUITestsLaunchTests.swift */,
			);
			path = SkateMapUITests;
			sourceTree = "<group>";
		};
/* End PBXGroup section */

/* Begin PBXNativeTarget section */
		1CCF85D7284515DD005F01A6 /* SkateMap */ = {
			isa = PBXNativeTarget;
			buildConfigurationList = 1CCF85FC284515DE005F01A6 /* Build configuration list for PBXNativeTarget "SkateMap" */;
			buildPhases = (
				1CCF85D4284515DD005F01A6 /* Sources */,
				1CCF85D5284515DD005F01A6 /* Frameworks */,
				1CCF85D6284515DD005F01A6 /* Resources */,
			);
			buildRules = (
			);
			dependencies = (
			);
			name = SkateMap;
			productName = SkateMap;
			productReference = 1CCF85D8284515DD005F01A6 /* SkateMap.app */;
			productType = "com.apple.product-type.application";
		};
		1CCF85E7284515DE005F01A6 /* SkateMapTests */ = {
			isa = PBXNativeTarget;
			buildConfigurationList = 1CCF85FF284515DE005F01A6 /* Build configuration list for PBXNativeTarget "SkateMapTests" */;
			buildPhases = (
				1CCF85E4284515DE005F01A6 /* Sources */,
				1CCF85E5284515DE005F01A6 /* Frameworks */,
				1CCF85E6284515DE005F01A6 /* Resources */,
			);
			buildRules = (
			);
			dependencies = (
				1CCF85EA284515DE005F01A6 /* PBXTargetDependency */,
			);
			name = SkateMapTests;
			productName = SkateMapTests;
			productReference = 1CCF85E8284515DE005F01A6 /* SkateMapTests.xctest */;
			productType = "com.apple.product-type.bundle.unit-test";
		};
		1CCF85F1284515DE005F01A6 /* SkateMapUITests */ = {
			isa = PBXNativeTarget;
			buildConfigurationList = 1CCF8602284515DE005F01A6 /* Build configuration list for PBXNativeTarget "SkateMapUITests" */;
			buildPhases = (
				1CCF85EE284515DE005F01A6 /* Sources */,
				1CCF85EF284515DE005F01A6 /* Frameworks */,
				1CCF85F0284515DE005F01A6 /* Resources */,
			);
			buildRules = (
			);
			dependencies = (
				1CCF85F4284515DE005F01A6 /* PBXTargetDependency */,
			);
			name = SkateMapUITests;
			productName = SkateMapUITests;
			productReference = 1CCF85F2284515DE005F01A6 /* SkateMapUITests.xctest */;
			productType = "com.apple.product-type.bundle.ui-testing";
		};
/* End PBXNativeTarget section */

/* Begin PBXProject section */
		1CCF85D0284515DD005F01A6 /* Project object */ = {
			isa = PBXProject;
			attributes = {
				BuildIndependentTargetsInParallel = 1;
				LastSwiftUpdateCheck = 1340;
				LastUpgradeCheck = 1340;
				TargetAttributes = {
					1CCF85D7284515DD005F01A6 = {
						CreatedOnToolsVersion = 13.4;
					};
					1CCF85E7284515DE005F01A6 = {
						CreatedOnToolsVersion = 13.4;
						TestTargetID = 1CCF85D7284515DD005F01A6;
					};
					1CCF85F1284515DE005F01A6 = {
						CreatedOnToolsVersion = 13.4;
						TestTargetID = 1CCF85D7284515DD005F01A6;
					};
				};
			};
			buildConfigurationList = 1CCF85D3284515DD005F01A6 /* Build configuration list for PBXProject "SkateMap" */;
			compatibilityVersion = "Xcode 13.0";
			developmentRegion = en;
			hasScannedForEncodings = 0;
			knownRegions = (
				en,
				Base,
			);
			mainGroup = 1CCF85CF284515DD005F01A6;
			productRefGroup = 1CCF85D9284515DD005F01A6 /* Products */;
			projectDirPath = "";
			projectRoot = "";
			targets = (
				1CCF85D7284515DD005F01A6 /* SkateMap */,
				1CCF85E7284515DE005F01A6 /* SkateMapTests */,
				1CCF85F1284515DE005F01A6 /* SkateMapUITests */,
			);
		};
/* End PBXProject section */

/* Begin PBXResourcesBuildPhase section */
		1CCF85D6284515DD005F01A6 /* Resources */ = {
			isa = PBXResourcesBuildPhase;
			buildActionMask = 2147483647;
			files = (
				1CCF85E3284515DD005F01A6 /* Preview Assets.xcassets in Resources */,
				1CCF860828451659005F01A6 /* tips.json in Resources */,
				1CCF860728451659005F01A6 /* locations.json in Resources */,
				1CCF85E0284515DD005F01A6 /* Assets.xcassets in Resources */,
			);
			runOnlyForDeploymentPostprocessing = 0;
		};
		1CCF85E6284515DE005F01A6 /* Resources */ = {
			isa = PBXResourcesBuildPhase;
			buildActionMask = 2147483647;
			files = (
			);
			runOnlyForDeploymentPostprocessing = 0;
		};
		1CCF85F0284515DE005F01A6 /* Resources */ = {
			isa = PBXResourcesBuildPhase;
			buildActionMask = 2147483647;
			files = (
			);
			runOnlyForDeploymentPostprocessing = 0;
		};
/* End PBXResourcesBuildPhase section */

/* Begin PBXSourcesBuildPhase section */
		1CCF85D4284515DD005F01A6 /* Sources */ = {
			isa = PBXSourcesBuildPhase;
			buildActionMask = 2147483647;
			files = (
				1CCF85DE284515DD005F01A6 /* ContentView.swift in Sources */,
				1CCF860C284519C2005F01A6 /* Location.swift in Sources */,
				1CCF8610284520AE005F01A6 /* WorldView.swift in Sources */,
				1CCF861228452E41005F01A6 /* Tip.swift in Sources */,
				1CCF861428452F07005F01A6 /* TipsView.swift in Sources */,
				1CCF860E28451CD7005F01A6 /* Locations.swift in Sources */,
				1CCF85DC284515DD005F01A6 /* SkateMapApp.swift in Sources */,
			);
			runOnlyForDeploymentPostprocessing = 0;
		};
		1CCF85E4284515DE005F01A6 /* Sources */ = {
			isa = PBXSourcesBuildPhase;
			buildActionMask = 2147483647;
			files = (
				1CCF85ED284515DE005F01A6 /* SkateMapTests.swift in Sources */,
			);
			runOnlyForDeploymentPostprocessing = 0;
		};
		1CCF85EE284515DE005F01A6 /* Sources */ = {
			isa = PBXSourcesBuildPhase;
			buildActionMask = 2147483647;
			files = (
				1CCF85F9284515DE005F01A6 /* SkateMapUITestsLaunchTests.swift in Sources */,
				1CCF85F7284515DE005F01A6 /* SkateMapUITests.swift in Sources */,
			);
			runOnlyForDeploymentPostprocessing = 0;
		};
/* End PBXSourcesBuildPhase section */

/* Begin PBXTargetDependency section */
		1CCF85EA284515DE005F01A6 /* PBXTargetDependency */ = {
			isa = PBXTargetDependency;
			target = 1CCF85D7284515DD005F01A6 /* SkateMap */;
			targetProxy = 1CCF85E9284515DE005F01A6 /* PBXContainerItemProxy */;
		};
		1CCF85F4284515DE005F01A6 /* PBXTargetDependency */ = {
			isa = PBXTargetDependency;
			target = 1CCF85D7284515DD005F01A6 /* SkateMap */;
			targetProxy = 1CCF85F3284515DE005F01A6 /* PBXContainerItemProxy */;
		};
/* End PBXTargetDependency section */

/* Begin XCBuildConfiguration section */
		1CCF85FA284515DE005F01A6 /* Debug */ = {
			isa = XCBuildConfiguration;
			buildSettings = {
				ALWAYS_SEARCH_USER_PATHS = NO;
				CLANG_ANALYZER_NONNULL = YES;
				CLANG_ANALYZER_NUMBER_OBJECT_CONVERSION = YES_AGGRESSIVE;
				CLANG_CXX_LANGUAGE_STANDARD = "gnu++17";
				CLANG_ENABLE_MODULES = YES;
				CLANG_ENABLE_OBJC_ARC = YES;
				CLANG_ENABLE_OBJC_WEAK = YES;
				CLANG_WARN_BLOCK_CAPTURE_AUTORELEASING = YES;
				CLANG_WARN_BOOL_CONVERSION = YES;
				CLANG_WARN_COMMA = YES;
				CLANG_WARN_CONSTANT_CONVERSION = YES;
				CLANG_WARN_DEPRECATED_OBJC_IMPLEMENTATIONS = YES;
				CLANG_WARN_DIRECT_OBJC_ISA_USAGE = YES_ERROR;
				CLANG_WARN_DOCUMENTATION_COMMENTS = YES;
				CLANG_WARN_EMPTY_BODY = YES;
				CLANG_WARN_ENUM_CONVERSION = YES;
				CLANG_WARN_INFINITE_RECURSION = YES;
				CLANG_WARN_INT_CONVERSION = YES;
				CLANG_WARN_NON_LITERAL_NULL_CONVERSION = YES;
				CLANG_WARN_OBJC_IMPLICIT_RETAIN_SELF = YES;
				CLANG_WARN_OBJC_LITERAL_CONVERSION = YES;
				CLANG_WARN_OBJC_ROOT_CLASS = YES_ERROR;
				CLANG_WARN_QUOTED_INCLUDE_IN_FRAMEWORK_HEADER = YES;
				CLANG_WARN_RANGE_LOOP_ANALYSIS = YES;
				CLANG_WARN_STRICT_PROTOTYPES = YES;
				CLANG_WARN_SUSPICIOUS_MOVE = YES;
				CLANG_WARN_UNGUARDED_AVAILABILITY = YES_AGGRESSIVE;
				CLANG_WARN_UNREACHABLE_CODE = YES;
				CLANG_WARN__DUPLICATE_METHOD_MATCH = YES;
				COPY_PHASE_STRIP = NO;
				DEBUG_INFORMATION_FORMAT = dwarf;
				ENABLE_STRICT_OBJC_MSGSEND = YES;
				ENABLE_TESTABILITY = YES;
				GCC_C_LANGUAGE_STANDARD = gnu11;
				GCC_DYNAMIC_NO_PIC = NO;
				GCC_NO_COMMON_BLOCKS = YES;
				GCC_OPTIMIZATION_LEVEL = 0;
				GCC_PREPROCESSOR_DEFINITIONS = (
					"DEBUG=1",
					"$(inherited)",
				);
				GCC_WARN_64_TO_32_BIT_CONVERSION = YES;
				GCC_WARN_ABOUT_RETURN_TYPE = YES_ERROR;
				GCC_WARN_UNDECLARED_SELECTOR = YES;
				GCC_WARN_UNINITIALIZED_AUTOS = YES_AGGRESSIVE;
				GCC_WARN_UNUSED_FUNCTION = YES;
				GCC_WARN_UNUSED_VARIABLE = YES;
				IPHONEOS_DEPLOYMENT_TARGET = 15.5;
				MTL_ENABLE_DEBUG_INFO = INCLUDE_SOURCE;
				MTL_FAST_MATH = YES;
				ONLY_ACTIVE_ARCH = YES;
				SDKROOT = iphoneos;
				SWIFT_ACTIVE_COMPILATION_CONDITIONS = DEBUG;
				SWIFT_OPTIMIZATION_LEVEL = "-Onone";
			};
			name = Debug;
		};
		1CCF85FB284515DE005F01A6 /* Release */ = {
			isa = XCBuildConfiguration;
			buildSettings = {
				ALWAYS_SEARCH_USER_PATHS = NO;
				CLANG_ANALYZER_NONNULL = YES;
				CLANG_ANALYZER_NUMBER_OBJECT_CONVERSION = YES_AGGRESSIVE;
				CLANG_CXX_LANGUAGE_STANDARD = "gnu++17";
				CLANG_ENABLE_MODULES = YES;
				CLANG_ENABLE_OBJC_ARC = YES;
				CLANG_ENABLE_OBJC_WEAK = YES;
				CLANG_WARN_BLOCK_CAPTURE_AUTORELEASING = YES;
				CLANG_WARN_BOOL_CONVERSION = YES;
				CLANG_WARN_COMMA = YES;
				CLANG_WARN_CONSTANT_CONVERSION = YES;
				CLANG_WARN_DEPRECATED_OBJC_IMPLEMENTATIONS = YES;
				CLANG_WARN_DIRECT_OBJC_ISA_USAGE = YES_ERROR;
				CLANG_WARN_DOCUMENTATION_COMMENTS = YES;
				CLANG_WARN_EMPTY_BODY = YES;
				CLANG_WARN_ENUM_CONVERSION = YES;
				CLANG_WARN_INFINITE_RECURSION = YES;
				CLANG_WARN_INT_CONVERSION = YES;
				CLANG_WARN_NON_LITERAL_NULL_CONVERSION = YES;
				CLANG_WARN_OBJC_IMPLICIT_RETAIN_SELF = YES;
				CLANG_WARN_OBJC_LITERAL_CONVERSION = YES;
				CLANG_WARN_OBJC_ROOT_CLASS = YES_ERROR;
				CLANG_WARN_QUOTED_INCLUDE_IN_FRAMEWORK_HEADER = YES;
				CLANG_WARN_RANGE_LOOP_ANALYSIS = YES;
				CLANG_WARN_STRICT_PROTOTYPES = YES;
				CLANG_WARN_SUSPICIOUS_MOVE = YES;
				CLANG_WARN_UNGUARDED_AVAILABILITY = YES_AGGRESSIVE;
				CLANG_WARN_UNREACHABLE_CODE = YES;
				CLANG_WARN__DUPLICATE_METHOD_MATCH = YES;
				COPY_PHASE_STRIP = NO;
				DEBUG_INFORMATION_FORMAT = "dwarf-with-dsym";
				ENABLE_NS_ASSERTIONS = NO;
				ENABLE_STRICT_OBJC_MSGSEND = YES;
				GCC_C_LANGUAGE_STANDARD = gnu11;
				GCC_NO_COMMON_BLOCKS = YES;
				GCC_WARN_64_TO_32_BIT_CONVERSION = YES;
				GCC_WARN_ABOUT_RETURN_TYPE = YES_ERROR;
				GCC_WARN_UNDECLARED_SELECTOR = YES;
				GCC_WARN_UNINITIALIZED_AUTOS = YES_AGGRESSIVE;
				GCC_WARN_UNUSED_FUNCTION = YES;
				GCC_WARN_UNUSED_VARIABLE = YES;
				IPHONEOS_DEPLOYMENT_TARGET = 15.5;
				MTL_ENABLE_DEBUG_INFO = NO;
				MTL_FAST_MATH = YES;
				SDKROOT = iphoneos;
				SWIFT_COMPILATION_MODE = wholemodule;
				SWIFT_OPTIMIZATION_LEVEL = "-O";
				VALIDATE_PRODUCT = YES;
			};
			name = Release;
		};
		1CCF85FD284515DE005F01A6 /* Debug */ = {
			isa = XCBuildConfiguration;
			buildSettings = {
				ASSETCATALOG_COMPILER_APPICON_NAME = AppIcon;
				ASSETCATALOG_COMPILER_GLOBAL_ACCENT_COLOR_NAME = AccentColor;
				CODE_SIGN_STYLE = Automatic;
				CURRENT_PROJECT_VERSION = 1;
				DEVELOPMENT_ASSET_PATHS = "\"SkateMap/Preview Content\"";
				DEVELOPMENT_TEAM = SSP39DH6P5;
				ENABLE_PREVIEWS = YES;
				GENERATE_INFOPLIST_FILE = YES;
				INFOPLIST_KEY_UIApplicationSceneManifest_Generation = YES;
				INFOPLIST_KEY_UIApplicationSupportsIndirectInputEvents = YES;
				INFOPLIST_KEY_UILaunchScreen_Generation = YES;
				INFOPLIST_KEY_UISupportedInterfaceOrientations_iPad = "UIInterfaceOrientationPortrait UIInterfaceOrientationPortraitUpsideDown UIInterfaceOrientationLandscapeLeft UIInterfaceOrientationLandscapeRight";
				INFOPLIST_KEY_UISupportedInterfaceOrientations_iPhone = "UIInterfaceOrientationPortrait UIInterfaceOrientationLandscapeLeft UIInterfaceOrientationLandscapeRight";
				LD_RUNPATH_SEARCH_PATHS = (
					"$(inherited)",
					"@executable_path/Frameworks",
				);
				MARKETING_VERSION = 1.0;
				PRODUCT_BUNDLE_IDENTIFIER = com.rowenpeebles.SkateMap;
				PRODUCT_NAME = "$(TARGET_NAME)";
				SWIFT_EMIT_LOC_STRINGS = YES;
				SWIFT_VERSION = 5.0;
				TARGETED_DEVICE_FAMILY = "1,2";
			};
			name = Debug;
		};
		1CCF85FE284515DE005F01A6 /* Release */ = {
			isa = XCBuildConfiguration;
			buildSettings = {
				ASSETCATALOG_COMPILER_APPICON_NAME = AppIcon;
				ASSETCATALOG_COMPILER_GLOBAL_ACCENT_COLOR_NAME = AccentColor;
				CODE_SIGN_STYLE = Automatic;
				CURRENT_PROJECT_VERSION = 1;
				DEVELOPMENT_ASSET_PATHS = "\"SkateMap/Preview Content\"";
				DEVELOPMENT_TEAM = SSP39DH6P5;
				ENABLE_PREVIEWS = YES;
				GENERATE_INFOPLIST_FILE = YES;
				INFOPLIST_KEY_UIApplicationSceneManifest_Generation = YES;
				INFOPLIST_KEY_UIApplicationSupportsIndirectInputEvents = YES;
				INFOPLIST_KEY_UILaunchScreen_Generation = YES;
				INFOPLIST_KEY_UISupportedInterfaceOrientations_iPad = "UIInterfaceOrientationPortrait UIInterfaceOrientationPortraitUpsideDown UIInterfaceOrientationLandscapeLeft UIInterfaceOrientationLandscapeRight";
				INFOPLIST_KEY_UISupportedInterfaceOrientations_iPhone = "UIInterfaceOrientationPortrait UIInterfaceOrientationLandscapeLeft UIInterfaceOrientationLandscapeRight";
				LD_RUNPATH_SEARCH_PATHS = (
					"$(inherited)",
					"@executable_path/Frameworks",
				);
				MARKETING_VERSION = 1.0;
				PRODUCT_BUNDLE_IDENTIFIER = com.rowenpeebles.SkateMap;
				PRODUCT_NAME = "$(TARGET_NAME)";
				SWIFT_EMIT_LOC_STRINGS = YES;
				SWIFT_VERSION = 5.0;
				TARGETED_DEVICE_FAMILY = "1,2";
			};
			name = Release;
		};
		1CCF8600284515DE005F01A6 /* Debug */ = {
			isa = XCBuildConfiguration;
			buildSettings = {
				ALWAYS_EMBED_SWIFT_STANDARD_LIBRARIES = YES;
				BUNDLE_LOADER = "$(TEST_HOST)";
				CODE_SIGN_STYLE = Automatic;
				CURRENT_PROJECT_VERSION = 1;
				DEVELOPMENT_TEAM = SSP39DH6P5;
				GENERATE_INFOPLIST_FILE = YES;
				IPHONEOS_DEPLOYMENT_TARGET = 15.5;
				MARKETING_VERSION = 1.0;
				PRODUCT_BUNDLE_IDENTIFIER = com.rowenpeebles.SkateMapTests;
				PRODUCT_NAME = "$(TARGET_NAME)";
				SWIFT_EMIT_LOC_STRINGS = NO;
				SWIFT_VERSION = 5.0;
				TARGETED_DEVICE_FAMILY = "1,2";
				TEST_HOST = "$(BUILT_PRODUCTS_DIR)/SkateMap.app/SkateMap";
			};
			name = Debug;
		};
		1CCF8601284515DE005F01A6 /* Release */ = {
			isa = XCBuildConfiguration;
			buildSettings = {
				ALWAYS_EMBED_SWIFT_STANDARD_LIBRARIES = YES;
				BUNDLE_LOADER = "$(TEST_HOST)";
				CODE_SIGN_STYLE = Automatic;
				CURRENT_PROJECT_VERSION = 1;
				DEVELOPMENT_TEAM = SSP39DH6P5;
				GENERATE_INFOPLIST_FILE = YES;
				IPHONEOS_DEPLOYMENT_TARGET = 15.5;
				MARKETING_VERSION = 1.0;
				PRODUCT_BUNDLE_IDENTIFIER = com.rowenpeebles.SkateMapTests;
				PRODUCT_NAME = "$(TARGET_NAME)";
				SWIFT_EMIT_LOC_STRINGS = NO;
				SWIFT_VERSION = 5.0;
				TARGETED_DEVICE_FAMILY = "1,2";
				TEST_HOST = "$(BUILT_PRODUCTS_DIR)/SkateMap.app/SkateMap";
			};
			name = Release;
		};
		1CCF8603284515DE005F01A6 /* Debug */ = {
			isa = XCBuildConfiguration;
			buildSettings = {
				ALWAYS_EMBED_SWIFT_STANDARD_LIBRARIES = YES;
				CODE_SIGN_STYLE = Automatic;
				CURRENT_PROJECT_VERSION = 1;
				DEVELOPMENT_TEAM = SSP39DH6P5;
				GENERATE_INFOPLIST_FILE = YES;
				MARKETING_VERSION = 1.0;
				PRODUCT_BUNDLE_IDENTIFIER = com.rowenpeebles.SkateMapUITests;
				PRODUCT_NAME = "$(TARGET_NAME)";
				SWIFT_EMIT_LOC_STRINGS = NO;
				SWIFT_VERSION = 5.0;
				TARGETED_DEVICE_FAMILY = "1,2";
				TEST_TARGET_NAME = SkateMap;
			};
			name = Debug;
		};
		1CCF8604284515DE005F01A6 /* Release */ = {
			isa = XCBuildConfiguration;
			buildSettings = {
				ALWAYS_EMBED_SWIFT_STANDARD_LIBRARIES = YES;
				CODE_SIGN_STYLE = Automatic;
				CURRENT_PROJECT_VERSION = 1;
				DEVELOPMENT_TEAM = SSP39DH6P5;
				GENERATE_INFOPLIST_FILE = YES;
				MARKETING_VERSION = 1.0;
				PRODUCT_BUNDLE_IDENTIFIER = com.rowenpeebles.SkateMapUITests;
				PRODUCT_NAME = "$(TARGET_NAME)";
				SWIFT_EMIT_LOC_STRINGS = NO;
				SWIFT_VERSION = 5.0;
				TARGETED_DEVICE_FAMILY = "1,2";
				TEST_TARGET_NAME = SkateMap;
			};
			name = Release;
		};
/* End XCBuildConfiguration section */

/* Begin XCConfigurationList section */
		1CCF85D3284515DD005F01A6 /* Build configuration list for PBXProject "SkateMap" */ = {
			isa = XCConfigurationList;
			buildConfigurations = (
				1CCF85FA284515DE005F01A6 /* Debug */,
				1CCF85FB284515DE005F01A6 /* Release */,
			);
			defaultConfigurationIsVisible = 0;
			defaultConfigurationName = Release;
		};
		1CCF85FC284515DE005F01A6 /* Build configuration list for PBXNativeTarget "SkateMap" */ = {
			isa = XCConfigurationList;
			buildConfigurations = (
				1CCF85FD284515DE005F01A6 /* Debug */,
				1CCF85FE284515DE005F01A6 /* Release */,
			);
			defaultConfigurationIsVisible = 0;
			defaultConfigurationName = Release;
		};
		1CCF85FF284515DE005F01A6 /* Build configuration list for PBXNativeTarget "SkateMapTests" */ = {
			isa = XCConfigurationList;
			buildConfigurations = (
				1CCF8600284515DE005F01A6 /* Debug */,
				1CCF8601284515DE005F01A6 /* Release */,
			);
			defaultConfigurationIsVisible = 0;
			defaultConfigurationName = Release;
		};
		1CCF8602284515DE005F01A6 /* Build configuration list for PBXNativeTarget "SkateMapUITests" */ = {
			isa = XCConfigurationList;
			buildConfigurations = (
				1CCF8603284515DE005F01A6 /* Debug */,
				1CCF8604284515DE005F01A6 /* Release */,
			);
			defaultConfigurationIsVisible = 0;
			defaultConfigurationName = Release;
		};
/* End XCConfigurationList section */
	};
	rootObject = 1CCF85D0284515DD005F01A6 /* Project object */;
}
